
Microsoft Visual Studio Solution File, Format Version 12.00
# Visual Studio Version 16
VisualStudioVersion = 16.0.30907.101
MinimumVisualStudioVersion = 10.0.40219.1
Project("{FAE04EC0-301F-11D3-BF4B-00C04F79EFBC}") = "DE", "DE\DE.csproj", "{28CD17F3-237E-467C-9989-0462B43E54C0}"
EndProject
Project("{FAE04EC0-301F-11D3-BF4B-00C04F79EFBC}") = "WSUniversalLib", "WSUniversalLib\WSUniversalLib.csproj", "{91375320-8360-4F33-B79F-A5F0387224DA}"
EndProject
Global
	GlobalSection(SolutionConfigurationPlatforms) = preSolution
		Debug|Any CPU = Debug|Any CPU
		Release|Any CPU = Release|Any CPU
	EndGlobalSection
	GlobalSection(ProjectConfigurationPlatforms) = postSolution
		{28CD17F3-237E-467C-9989-0462B43E54C0}.Debug|Any CPU.ActiveCfg = Debug|Any CPU
		{28CD17F3-237E-467C-9989-0462B43E54C0}.Debug|Any CPU.Build.0 = Debug|Any CPU
		{28CD17F3-237E-467C-9989-0462B43E54C0}.Release|Any CPU.ActiveCfg = Release|Any CPU
		{28CD17F3-237E-467C-9989-0462B43E54C0}.Release|Any CPU.Build.0 = Release|Any CPU
		{91375320-8360-4F33-B79F-A5F0387224DA}.Debug|Any CPU.ActiveCfg = Debug|Any CPU
		{91375320-8360-4F33-B79F-A5F0387224DA}.Debug|Any CPU.Build.0 = Debug|Any CPU
		{91375320-8360-4F33-B79F-A5F0387224DA}.Release|Any CPU.ActiveCfg = Release|Any CPU
		{91375320-8360-4F33-B79F-A5F0387224DA}.Release|Any CPU.Build.0 = Release|Any CPU
	EndGlobalSection
	GlobalSection(SolutionProperties) = preSolution
		HideSolutionNode = FALSE
	EndGlobalSection
	GlobalSection(ExtensibilityGlobals) = postSolution
		SolutionGuid = {F56CAF70-9E33-4B61-A3B7-F14573F19A64}
	EndGlobalSection
EndGlobal
