
Microsoft Visual Studio Solution File, Format Version 12.00
# Visual Studio Version 17
VisualStudioVersion = 17.0.32014.148
MinimumVisualStudioVersion = 10.0.40219.1
Project("{FAE04EC0-301F-11D3-BF4B-00C04F79EFBC}") = "WSUniversalLib", "WSUniversalLib\WSUniversalLib.csproj", "{FABD50E7-641B-4498-A3C1-931DDBE03E98}"
EndProject
Global
	GlobalSection(SolutionConfigurationPlatforms) = preSolution
		Debug|Any CPU = Debug|Any CPU
		Release|Any CPU = Release|Any CPU
	EndGlobalSection
	GlobalSection(ProjectConfigurationPlatforms) = postSolution
		{FABD50E7-641B-4498-A3C1-931DDBE03E98}.Debug|Any CPU.ActiveCfg = Debug|Any CPU
		{FABD50E7-641B-4498-A3C1-931DDBE03E98}.Debug|Any CPU.Build.0 = Debug|Any CPU
		{FABD50E7-641B-4498-A3C1-931DDBE03E98}.Release|Any CPU.ActiveCfg = Release|Any CPU
		{FABD50E7-641B-4498-A3C1-931DDBE03E98}.Release|Any CPU.Build.0 = Release|Any CPU
	EndGlobalSection
	GlobalSection(SolutionProperties) = preSolution
		HideSolutionNode = FALSE
	EndGlobalSection
	GlobalSection(ExtensibilityGlobals) = postSolution
		SolutionGuid = {73A966E6-1E3C-486B-83BF-DFAEB943EA23}
	EndGlobalSection
EndGlobal
